{
  "version": 4,
  "terraform_version": "0.13.5",
  "serial": 195,
  "lineage": "779cb64d-5055-b680-bee0-79d573c495fa",
  "outputs": {
    "user1": {
      "value": "eugeneb",
      "type": "string"
    }
  },
  "resources": [
    {
      "mode": "managed",
      "type": "azurerm_linux_virtual_machine",
      "name": "demo-vm",
      "provider": "provider[\"registry.terraform.io/hashicorp/azurerm\"]",
      "instances": [
        {
          "schema_version": 0,
          "attributes": {
            "additional_capabilities": [],
            "admin_password": "N0passw0rd!",
            "admin_ssh_key": [
              {
                "public_key": "ssh-rsa AAAAB3NzaC1yc2EAAAADAQABAAABAQCYWFUTT+UHLyv6m7Ad7jtgHLqTrointA98kqF2WshaLF17W1kClmNu8skEwp0YgGgtLhaHlf/TMFp87Y/tM2usdS3MXO6Nvz/K0pGsVMzvwE16YvWxwgxqFAxsH9JvLnAsyWsC/VeJ7yWeJnfBAe8e+GtPDg+Ou1+CTIfb+t+rLllRqztJn+knVaXViTD1AMH2t4hs8uNTNyHGKX641tHu9B0X6z/nt2NgDfOeiol1q4M/UhGg5lfBs9dN7U2k7/TlYIChfwTa8svsxtxP+qeEcEVCN4firSFmm53hyBswG+NdMe4+6Ji5LXwr2vQ3Q6sL5iF/ZM+NIlyb+zUrF9kx eugeneb@Eugenes-MBP.lan\n\n",
                "username": "eugeneb"
              }
            ],
            "admin_username": "eugeneb",
            "allow_extension_operations": true,
            "availability_set_id": "",
            "boot_diagnostics": [],
            "computer_name": "demo-link",
            "custom_data": null,
            "dedicated_host_id": "",
            "disable_password_authentication": true,
            "encryption_at_host_enabled": false,
            "eviction_policy": "",
            "id": "/subscriptions/37f7520f-7d09-4d2e-9a09-621606aac7ca/resourceGroups/atlas-demo-link/providers/Microsoft.Compute/virtualMachines/demo-link",
            "identity": [],
            "location": "westeurope",
            "max_bid_price": -1,
            "name": "demo-link",
            "network_interface_ids": [
              "/subscriptions/37f7520f-7d09-4d2e-9a09-621606aac7ca/resourceGroups/atlas-demo-link/providers/Microsoft.Network/networkInterfaces/myNIC"
            ],
            "os_disk": [
              {
                "caching": "ReadWrite",
                "diff_disk_settings": [],
                "disk_encryption_set_id": "",
                "disk_size_gb": 30,
                "name": "demo-link_OsDisk_1_05c458533bfe456693fd69eeab35ca99",
                "storage_account_type": "Standard_LRS",
                "write_accelerator_enabled": false
              }
            ],
            "plan": [],
            "priority": "Regular",
            "private_ip_address": "10.12.4.196",
            "private_ip_addresses": [
              "10.12.4.196"
            ],
            "provision_vm_agent": true,
            "proximity_placement_group_id": "",
            "public_ip_address": "20.73.42.236",
            "public_ip_addresses": [
              "20.73.42.236"
            ],
            "resource_group_name": "atlas-demo-link",
            "secret": [],
            "size": "Standard_F2",
            "source_image_id": "",
            "source_image_reference": [
              {
                "offer": "UbuntuServer",
                "publisher": "Canonical",
                "sku": "18.04-LTS",
                "version": "latest"
              }
            ],
            "tags": {
              "environment": "Demo"
            },
            "timeouts": null,
            "virtual_machine_id": "d6b9e1bc-2eb5-42b7-94c8-2c69117f9a34",
            "virtual_machine_scale_set_id": "",
            "zone": ""
          },
          "private": "eyJlMmJmYjczMC1lY2FhLTExZTYtOGY4OC0zNDM2M2JjN2M0YzAiOnsiY3JlYXRlIjoyNzAwMDAwMDAwMDAwLCJkZWxldGUiOjI3MDAwMDAwMDAwMDAsInJlYWQiOjMwMDAwMDAwMDAwMCwidXBkYXRlIjoyNzAwMDAwMDAwMDAwfX0=",
          "dependencies": [
            "azurerm_network_interface.demo-vm-nic",
            "azurerm_network_security_group.demo-vm-nsg",
            "azurerm_public_ip.demo-vm-ip",
            "azurerm_resource_group.atlas-group",
            "azurerm_subnet.atlas-group",
            "azurerm_virtual_network.atlas-group"
          ]
        }
      ]
    },
    {
      "mode": "managed",
      "type": "azurerm_network_interface",
      "name": "demo-vm-nic",
      "provider": "provider[\"registry.terraform.io/hashicorp/azurerm\"]",
      "instances": [
        {
          "schema_version": 0,
          "attributes": {
            "applied_dns_servers": [],
            "dns_servers": [],
            "enable_accelerated_networking": false,
            "enable_ip_forwarding": false,
            "id": "/subscriptions/37f7520f-7d09-4d2e-9a09-621606aac7ca/resourceGroups/atlas-demo-link/providers/Microsoft.Network/networkInterfaces/myNIC",
            "internal_dns_name_label": "",
            "internal_domain_name_suffix": "hiocbkzo0loedlcmmzq3ts3krg.ax.internal.cloudapp.net",
            "ip_configuration": [
              {
                "name": "myNicConfiguration",
                "primary": true,
                "private_ip_address": "10.12.4.196",
                "private_ip_address_allocation": "Dynamic",
                "private_ip_address_version": "IPv4",
                "public_ip_address_id": "/subscriptions/37f7520f-7d09-4d2e-9a09-621606aac7ca/resourceGroups/atlas-demo-link/providers/Microsoft.Network/publicIPAddresses/myPublicIP",
                "subnet_id": "/subscriptions/37f7520f-7d09-4d2e-9a09-621606aac7ca/resourceGroups/atlas-demo-link/providers/Microsoft.Network/virtualNetworks/atlas-link-vnet/subnets/subnet2"
              }
            ],
            "location": "westeurope",
            "mac_address": "00-22-48-80-37-76",
            "name": "myNIC",
            "private_ip_address": "10.12.4.196",
            "private_ip_addresses": [
              "10.12.4.196"
            ],
            "resource_group_name": "atlas-demo-link",
            "tags": {
              "environment": "Atlas Demo"
            },
            "timeouts": null,
            "virtual_machine_id": "/subscriptions/37f7520f-7d09-4d2e-9a09-621606aac7ca/resourceGroups/atlas-demo-link/providers/Microsoft.Compute/virtualMachines/demo-link"
          },
          "private": "eyJlMmJmYjczMC1lY2FhLTExZTYtOGY4OC0zNDM2M2JjN2M0YzAiOnsiY3JlYXRlIjoxODAwMDAwMDAwMDAwLCJkZWxldGUiOjE4MDAwMDAwMDAwMDAsInJlYWQiOjMwMDAwMDAwMDAwMCwidXBkYXRlIjoxODAwMDAwMDAwMDAwfX0=",
          "dependencies": [
            "azurerm_network_security_group.demo-vm-nsg",
            "azurerm_public_ip.demo-vm-ip",
            "azurerm_resource_group.atlas-group",
            "azurerm_subnet.atlas-group",
            "azurerm_virtual_network.atlas-group"
          ]
        }
      ]
    },
    {
      "mode": "managed",
      "type": "azurerm_network_interface_security_group_association",
      "name": "demo-vm",
      "provider": "provider[\"registry.terraform.io/hashicorp/azurerm\"]",
      "instances": [
        {
          "schema_version": 0,
          "attributes": {
            "id": "/subscriptions/37f7520f-7d09-4d2e-9a09-621606aac7ca/resourceGroups/atlas-demo-link/providers/Microsoft.Network/networkInterfaces/myNIC|/subscriptions/37f7520f-7d09-4d2e-9a09-621606aac7ca/resourceGroups/atlas-demo-link/providers/Microsoft.Network/networkSecurityGroups/myAtlasDemo",
            "network_interface_id": "/subscriptions/37f7520f-7d09-4d2e-9a09-621606aac7ca/resourceGroups/atlas-demo-link/providers/Microsoft.Network/networkInterfaces/myNIC",
            "network_security_group_id": "/subscriptions/37f7520f-7d09-4d2e-9a09-621606aac7ca/resourceGroups/atlas-demo-link/providers/Microsoft.Network/networkSecurityGroups/myAtlasDemo",
            "timeouts": null
          },
          "private": "eyJlMmJmYjczMC1lY2FhLTExZTYtOGY4OC0zNDM2M2JjN2M0YzAiOnsiY3JlYXRlIjoxODAwMDAwMDAwMDAwLCJkZWxldGUiOjE4MDAwMDAwMDAwMDAsInJlYWQiOjMwMDAwMDAwMDAwMCwidXBkYXRlIjoxODAwMDAwMDAwMDAwfX0=",
          "dependencies": [
            "azurerm_network_interface.demo-vm-nic",
            "azurerm_network_security_group.demo-vm-nsg",
            "azurerm_public_ip.demo-vm-ip",
            "azurerm_resource_group.atlas-group",
            "azurerm_subnet.atlas-group",
            "azurerm_virtual_network.atlas-group"
          ]
        }
      ]
    },
    {
      "mode": "managed",
      "type": "azurerm_network_security_group",
      "name": "demo-vm-nsg",
      "provider": "provider[\"registry.terraform.io/hashicorp/azurerm\"]",
      "instances": [
        {
          "schema_version": 0,
          "attributes": {
            "id": "/subscriptions/37f7520f-7d09-4d2e-9a09-621606aac7ca/resourceGroups/atlas-demo-link/providers/Microsoft.Network/networkSecurityGroups/myAtlasDemo",
            "location": "westeurope",
            "name": "myAtlasDemo",
            "resource_group_name": "atlas-demo-link",
            "security_rule": [
              {
                "access": "Allow",
                "description": "",
                "destination_address_prefix": "*",
                "destination_address_prefixes": [],
                "destination_application_security_group_ids": [],
                "destination_port_range": "22",
                "destination_port_ranges": [],
                "direction": "Inbound",
                "name": "SSH",
                "priority": 1001,
                "protocol": "Tcp",
                "source_address_prefix": "*",
                "source_address_prefixes": [],
                "source_application_security_group_ids": [],
                "source_port_range": "*",
                "source_port_ranges": []
              }
            ],
            "tags": {
              "environment": "Atlas Demo"
            },
            "timeouts": null
          },
          "private": "eyJlMmJmYjczMC1lY2FhLTExZTYtOGY4OC0zNDM2M2JjN2M0YzAiOnsiY3JlYXRlIjoxODAwMDAwMDAwMDAwLCJkZWxldGUiOjE4MDAwMDAwMDAwMDAsInJlYWQiOjMwMDAwMDAwMDAwMCwidXBkYXRlIjoxODAwMDAwMDAwMDAwfX0=",
          "dependencies": [
            "azurerm_resource_group.atlas-group"
          ]
        }
      ]
    },
    {
      "mode": "managed",
      "type": "azurerm_private_endpoint",
      "name": "atlas-group",
      "provider": "provider[\"registry.terraform.io/hashicorp/azurerm\"]",
      "instances": [
        {
          "schema_version": 0,
          "attributes": {
            "custom_dns_configs": [],
            "id": "/subscriptions/37f7520f-7d09-4d2e-9a09-621606aac7ca/resourceGroups/atlas-demo-link/providers/Microsoft.Network/privateEndpoints/endpoint-atlas",
            "location": "westeurope",
            "name": "endpoint-atlas",
            "private_dns_zone_configs": [],
            "private_dns_zone_group": [],
            "private_service_connection": [
              {
                "is_manual_connection": true,
                "name": "pls_6012ef5ce82e5f44a9e08dfa",
                "private_connection_resource_id": "/subscriptions/6c891b02-f872-4fb2-ace6-4ae38e119749/resourceGroups/rg_6012ef5ce82e5f44a9e08dfb_rayf4gyk/providers/Microsoft.Network/privateLinkServices/pls_6012ef5ce82e5f44a9e08dfa",
                "private_ip_address": "10.12.4.197",
                "request_message": "Azure Private Link test",
                "subresource_names": []
              }
            ],
            "resource_group_name": "atlas-demo-link",
            "subnet_id": "/subscriptions/37f7520f-7d09-4d2e-9a09-621606aac7ca/resourceGroups/atlas-demo-link/providers/Microsoft.Network/virtualNetworks/atlas-link-vnet/subnets/subnet2",
            "tags": {},
            "timeouts": null
          },
          "private": "eyJlMmJmYjczMC1lY2FhLTExZTYtOGY4OC0zNDM2M2JjN2M0YzAiOnsiY3JlYXRlIjozNjAwMDAwMDAwMDAwLCJkZWxldGUiOjM2MDAwMDAwMDAwMDAsInJlYWQiOjMwMDAwMDAwMDAwMCwidXBkYXRlIjozNjAwMDAwMDAwMDAwfX0=",
          "dependencies": [
            "azurerm_resource_group.atlas-group",
            "azurerm_subnet.atlas-group",
            "azurerm_virtual_network.atlas-group",
            "mongodbatlas_privatelink_endpoint.test",
            "mongodbatlas_project.proj1"
          ]
        }
      ]
    },
    {
      "mode": "managed",
      "type": "azurerm_public_ip",
      "name": "demo-vm-ip",
      "provider": "provider[\"registry.terraform.io/hashicorp/azurerm\"]",
      "instances": [
        {
          "schema_version": 0,
          "attributes": {
            "allocation_method": "Dynamic",
            "domain_name_label": null,
            "fqdn": null,
            "id": "/subscriptions/37f7520f-7d09-4d2e-9a09-621606aac7ca/resourceGroups/atlas-demo-link/providers/Microsoft.Network/publicIPAddresses/myPublicIP",
            "idle_timeout_in_minutes": 4,
            "ip_address": "20.73.42.236",
            "ip_version": "IPv4",
            "location": "westeurope",
            "name": "myPublicIP",
            "public_ip_prefix_id": null,
            "resource_group_name": "atlas-demo-link",
            "reverse_fqdn": null,
            "sku": "Basic",
            "tags": {
              "environment": "Atlas Demo"
            },
            "timeouts": null,
            "zones": []
          },
          "private": "eyJlMmJmYjczMC1lY2FhLTExZTYtOGY4OC0zNDM2M2JjN2M0YzAiOnsiY3JlYXRlIjoxODAwMDAwMDAwMDAwLCJkZWxldGUiOjE4MDAwMDAwMDAwMDAsInJlYWQiOjMwMDAwMDAwMDAwMCwidXBkYXRlIjoxODAwMDAwMDAwMDAwfX0=",
          "dependencies": [
            "azurerm_resource_group.atlas-group"
          ]
        }
      ]
    },
    {
      "mode": "managed",
      "type": "azurerm_resource_group",
      "name": "atlas-group",
      "provider": "provider[\"registry.terraform.io/hashicorp/azurerm\"]",
      "instances": [
        {
          "schema_version": 0,
          "attributes": {
            "id": "/subscriptions/37f7520f-7d09-4d2e-9a09-621606aac7ca/resourceGroups/atlas-demo-link",
            "location": "westeurope",
            "name": "atlas-demo-link",
            "tags": {
              "environment": "Atlas Demo"
            },
            "timeouts": null
          },
          "private": "eyJlMmJmYjczMC1lY2FhLTExZTYtOGY4OC0zNDM2M2JjN2M0YzAiOnsiY3JlYXRlIjo1NDAwMDAwMDAwMDAwLCJkZWxldGUiOjU0MDAwMDAwMDAwMDAsInJlYWQiOjMwMDAwMDAwMDAwMCwidXBkYXRlIjo1NDAwMDAwMDAwMDAwfX0="
        }
      ]
    },
    {
      "mode": "managed",
      "type": "azurerm_subnet",
      "name": "atlas-group",
      "provider": "provider[\"registry.terraform.io/hashicorp/azurerm\"]",
      "instances": [
        {
          "schema_version": 0,
          "attributes": {
            "address_prefix": "10.12.4.192/26",
            "address_prefixes": [
              "10.12.4.192/26"
            ],
            "delegation": [],
            "enforce_private_link_endpoint_network_policies": true,
            "enforce_private_link_service_network_policies": true,
            "id": "/subscriptions/37f7520f-7d09-4d2e-9a09-621606aac7ca/resourceGroups/atlas-demo-link/providers/Microsoft.Network/virtualNetworks/atlas-link-vnet/subnets/subnet2",
            "name": "subnet2",
            "resource_group_name": "atlas-demo-link",
            "service_endpoints": [],
            "timeouts": null,
            "virtual_network_name": "atlas-link-vnet"
          },
          "private": "eyJlMmJmYjczMC1lY2FhLTExZTYtOGY4OC0zNDM2M2JjN2M0YzAiOnsiY3JlYXRlIjoxODAwMDAwMDAwMDAwLCJkZWxldGUiOjE4MDAwMDAwMDAwMDAsInJlYWQiOjMwMDAwMDAwMDAwMCwidXBkYXRlIjoxODAwMDAwMDAwMDAwfX0=",
          "dependencies": [
            "azurerm_resource_group.atlas-group",
            "azurerm_virtual_network.atlas-group"
          ]
        }
      ]
    },
    {
      "mode": "managed",
      "type": "azurerm_virtual_network",
      "name": "atlas-group",
      "provider": "provider[\"registry.terraform.io/hashicorp/azurerm\"]",
      "instances": [
        {
          "schema_version": 0,
          "attributes": {
            "address_space": [
              "10.12.4.0/23"
            ],
            "bgp_community": "",
            "ddos_protection_plan": [],
            "dns_servers": [],
            "guid": "ab201c3a-d22e-41dc-ac4c-6661d9cbaa8e",
            "id": "/subscriptions/37f7520f-7d09-4d2e-9a09-621606aac7ca/resourceGroups/atlas-demo-link/providers/Microsoft.Network/virtualNetworks/atlas-link-vnet",
            "location": "westeurope",
            "name": "atlas-link-vnet",
            "resource_group_name": "atlas-demo-link",
            "subnet": [
              {
                "address_prefix": "10.12.4.192/26",
                "id": "/subscriptions/37f7520f-7d09-4d2e-9a09-621606aac7ca/resourceGroups/atlas-demo-link/providers/Microsoft.Network/virtualNetworks/atlas-link-vnet/subnets/subnet2",
                "name": "subnet2",
                "security_group": ""
              }
            ],
            "tags": {
              "environment": "Atlas Demo"
            },
            "timeouts": null,
            "vm_protection_enabled": false
          },
          "private": "eyJlMmJmYjczMC1lY2FhLTExZTYtOGY4OC0zNDM2M2JjN2M0YzAiOnsiY3JlYXRlIjoxODAwMDAwMDAwMDAwLCJkZWxldGUiOjE4MDAwMDAwMDAwMDAsInJlYWQiOjMwMDAwMDAwMDAwMCwidXBkYXRlIjoxODAwMDAwMDAwMDAwfX0=",
          "dependencies": [
            "azurerm_resource_group.atlas-group"
          ]
        }
      ]
    },
    {
      "mode": "managed",
      "type": "mongodbatlas_cluster",
      "name": "this",
      "provider": "provider[\"registry.terraform.io/mongodb/mongodbatlas\"]",
      "instances": [
        {
          "schema_version": 1,
          "attributes": {
            "advanced_configuration": [
              {
                "fail_index_key_too_long": true,
                "javascript_enabled": true,
                "minimum_enabled_tls_protocol": "TLS1_2",
                "no_table_scan": false,
                "oplog_size_mb": 0,
                "sample_refresh_interval_bi_connector": 0,
                "sample_size_bi_connector": 0
              }
            ],
            "auto_scaling_compute_enabled": false,
            "auto_scaling_compute_scale_down_enabled": false,
            "auto_scaling_disk_gb_enabled": true,
            "backing_provider_name": "",
            "backup_enabled": false,
            "bi_connector": {
              "enabled": "false",
              "read_preference": "secondary"
            },
            "cluster_id": "6012ef5c8ae0fb179e652459",
            "cluster_type": "REPLICASET",
            "connection_strings": [
              {
                "aws_private_link": {},
                "aws_private_link_srv": {},
                "private": "",
                "private_srv": "",
                "standard": "mongodb://sample-shard-00-00.ppr4i.mongodb.net:27017,sample-shard-00-01.ppr4i.mongodb.net:27017,sample-shard-00-02.ppr4i.mongodb.net:27017/?ssl=true\u0026authSource=admin\u0026replicaSet=atlas-ufeh1r-shard-0",
                "standard_srv": "mongodb+srv://sample.ppr4i.mongodb.net"
              }
            ],
            "container_id": "6012ef5ce82e5f44a9e08dfb",
            "disk_size_gb": 8,
            "encryption_at_rest_provider": "NONE",
            "id": "Y2x1c3Rlcl9pZA==:NjAxMmVmNWM4YWUwZmIxNzllNjUyNDU5-Y2x1c3Rlcl9uYW1l:U2FtcGxl-cHJvamVjdF9pZA==:NjAxMmVmNTk0MTIyMDQzZjNkZGIyYTUw-cHJvdmlkZXJfbmFtZQ==:QVpVUkU=",
            "labels": [],
            "mongo_db_major_version": "4.2",
            "mongo_db_version": "4.2.12",
            "mongo_uri": "mongodb://sample-shard-00-00.ppr4i.mongodb.net:27017,sample-shard-00-01.ppr4i.mongodb.net:27017,sample-shard-00-02.ppr4i.mongodb.net:27017",
            "mongo_uri_updated": "2021-01-28T17:18:15Z",
            "mongo_uri_with_options": "mongodb://sample-shard-00-00.ppr4i.mongodb.net:27017,sample-shard-00-01.ppr4i.mongodb.net:27017,sample-shard-00-02.ppr4i.mongodb.net:27017/?ssl=true\u0026authSource=admin\u0026replicaSet=atlas-ufeh1r-shard-0",
            "name": "Sample",
            "num_shards": 1,
            "paused": false,
            "pit_enabled": false,
            "project_id": "6012ef594122043f3ddb2a50",
            "provider_auto_scaling_compute_max_instance_size": "",
            "provider_auto_scaling_compute_min_instance_size": "",
            "provider_backup_enabled": true,
            "provider_disk_iops": null,
            "provider_disk_type_name": "P2",
            "provider_encrypt_ebs_volume": null,
            "provider_instance_size_name": "M10",
            "provider_name": "AZURE",
            "provider_region_name": "EUROPE_WEST",
            "provider_volume_type": "",
            "replication_factor": 3,
            "replication_specs": [
              {
                "id": "6012ef5c8ae0fb179e652454",
                "num_shards": 1,
                "regions_config": [
                  {
                    "analytics_nodes": 0,
                    "electable_nodes": 3,
                    "priority": 7,
                    "read_only_nodes": 0,
                    "region_name": "EUROPE_WEST"
                  }
                ],
                "zone_name": "Zone 1"
              }
            ],
            "snapshot_backup_policy": [
              {
                "cluster_id": "6012ef5c8ae0fb179e652459",
                "cluster_name": "Sample",
                "next_snapshot": "2021-01-28T23:17:34Z",
                "policies": [
                  {
                    "id": "6012f1ad99e9ee5c40f85419",
                    "policy_item": [
                      {
                        "frequency_interval": 6,
                        "frequency_type": "hourly",
                        "id": "6012f1ad99e9ee5c40f8541a",
                        "retention_unit": "days",
                        "retention_value": 2
                      },
                      {
                        "frequency_interval": 1,
                        "frequency_type": "daily",
                        "id": "6012f1ad99e9ee5c40f8541b",
                        "retention_unit": "days",
                        "retention_value": 7
                      },
                      {
                        "frequency_interval": 6,
                        "frequency_type": "weekly",
                        "id": "6012f1ad99e9ee5c40f8541c",
                        "retention_unit": "weeks",
                        "retention_value": 4
                      },
                      {
                        "frequency_interval": 40,
                        "frequency_type": "monthly",
                        "id": "6012f1ad99e9ee5c40f8541d",
                        "retention_unit": "months",
                        "retention_value": 12
                      }
                    ]
                  }
                ],
                "reference_hour_of_day": 17,
                "reference_minute_of_hour": 17,
                "restore_window_days": 7,
                "update_snapshots": false
              }
            ],
            "srv_address": "mongodb+srv://sample.ppr4i.mongodb.net",
            "state_name": "IDLE"
          },
          "private": "eyJzY2hlbWFfdmVyc2lvbiI6IjEifQ==",
          "dependencies": [
            "mongodbatlas_project.proj1"
          ]
        }
      ]
    },
    {
      "mode": "managed",
      "type": "mongodbatlas_database_user",
      "name": "user1",
      "provider": "provider[\"registry.terraform.io/mongodb/mongodbatlas\"]",
      "instances": [
        {
          "schema_version": 0,
          "attributes": {
            "auth_database_name": "admin",
            "aws_iam_type": "NONE",
            "database_name": null,
            "id": "YXV0aF9kYXRhYmFzZV9uYW1l:YWRtaW4=-cHJvamVjdF9pZA==:NjAxMmVmNTk0MTIyMDQzZjNkZGIyYTUw-dXNlcm5hbWU=:ZXVnZW5lYg==",
            "labels": [
              {
                "key": "Name",
                "value": "eugeneb"
              }
            ],
            "password": "N0passw0rd!",
            "project_id": "6012ef594122043f3ddb2a50",
            "roles": [
              {
                "collection_name": "",
                "database_name": "admin",
                "role_name": "readWriteAnyDatabase"
              }
            ],
            "scopes": [],
            "username": "eugeneb",
            "x509_type": "NONE"
          },
          "private": "bnVsbA==",
          "dependencies": [
            "mongodbatlas_project.proj1"
          ]
        }
      ]
    },
    {
      "mode": "managed",
      "type": "mongodbatlas_privatelink_endpoint",
      "name": "test",
      "provider": "provider[\"registry.terraform.io/mongodb/mongodbatlas\"]",
      "instances": [
        {
          "schema_version": 0,
          "attributes": {
            "endpoint_service_name": "",
            "error_message": "",
            "id": "cHJpdmF0ZV9saW5rX2lk:NjAxMmVmNWNlODJlNWY0NGE5ZTA4ZGZh-cHJvamVjdF9pZA==:NjAxMmVmNTk0MTIyMDQzZjNkZGIyYTUw-cHJvdmlkZXJfbmFtZQ==:QVpVUkU=",
            "interface_endpoints": [],
            "private_endpoints": [
              "/subscriptions/37f7520f-7d09-4d2e-9a09-621606aac7ca/resourceGroups/atlas-demo-link/providers/Microsoft.Network/privateEndpoints/endpoint-atlas"
            ],
            "private_link_id": "6012ef5ce82e5f44a9e08dfa",
            "private_link_service_name": "pls_6012ef5ce82e5f44a9e08dfa",
            "private_link_service_resource_id": "/subscriptions/6c891b02-f872-4fb2-ace6-4ae38e119749/resourceGroups/rg_6012ef5ce82e5f44a9e08dfb_rayf4gyk/providers/Microsoft.Network/privateLinkServices/pls_6012ef5ce82e5f44a9e08dfa",
            "project_id": "6012ef594122043f3ddb2a50",
            "provider_name": "AZURE",
            "region": "EUROPE_WEST",
            "status": "AVAILABLE"
          },
          "private": "bnVsbA==",
          "dependencies": [
            "mongodbatlas_project.proj1"
          ]
        }
      ]
    },
    {
      "mode": "managed",
      "type": "mongodbatlas_privatelink_endpoint_service",
      "name": "test",
      "provider": "provider[\"registry.terraform.io/mongodb/mongodbatlas\"]",
      "instances": [
        {
          "schema_version": 0,
          "attributes": {
            "connection_status": "",
            "delete_requested": false,
            "endpoint_service_id": "6012ef5ce82e5f44a9e08dfa",
            "error_message": "",
            "id": "ZW5kcG9pbnRfc2VydmljZV9pZA==:NjAxMmVmNWNlODJlNWY0NGE5ZTA4ZGZh-cHJpdmF0ZV9saW5rX2lk:L3N1YnNjcmlwdGlvbnMvMzdmNzUyMGYtN2QwOS00ZDJlLTlhMDktNjIxNjA2YWFjN2NhL3Jlc291cmNlR3JvdXBzL2F0bGFzLWRlbW8tbGluay9wcm92aWRlcnMvTWljcm9zb2Z0Lk5ldHdvcmsvcHJpdmF0ZUVuZHBvaW50cy9lbmRwb2ludC1hdGxhcw==-cHJvamVjdF9pZA==:NjAxMmVmNTk0MTIyMDQzZjNkZGIyYTUw-cHJvdmlkZXJfbmFtZQ==:QVpVUkU=",
            "interface_endpoint_id": "",
            "private_endpoint_connection_name": "37f7520f-7d09-4d2e-9a09-621606aac7ca/atlas-demo-link/endpoint-atlas",
            "private_endpoint_ip_address": "10.12.4.197",
            "private_endpoint_resource_id": "/subscriptions/37f7520f-7d09-4d2e-9a09-621606aac7ca/resourceGroups/atlas-demo-link/providers/Microsoft.Network/privateEndpoints/endpoint-atlas",
            "private_link_id": "/subscriptions/37f7520f-7d09-4d2e-9a09-621606aac7ca/resourceGroups/atlas-demo-link/providers/Microsoft.Network/privateEndpoints/endpoint-atlas",
            "project_id": "6012ef594122043f3ddb2a50",
            "provider_name": "AZURE"
          },
          "private": "bnVsbA==",
          "dependencies": [
            "azurerm_private_endpoint.atlas-group",
            "azurerm_resource_group.atlas-group",
            "azurerm_subnet.atlas-group",
            "azurerm_virtual_network.atlas-group",
            "mongodbatlas_privatelink_endpoint.test",
            "mongodbatlas_project.proj1"
          ]
        }
      ]
    },
    {
      "mode": "managed",
      "type": "mongodbatlas_project",
      "name": "proj1",
      "provider": "provider[\"registry.terraform.io/mongodb/mongodbatlas\"]",
      "instances": [
        {
          "schema_version": 0,
          "attributes": {
            "cluster_count": 1,
            "created": "2021-01-28T17:07:39Z",
            "id": "6012ef594122043f3ddb2a50",
            "name": "Azure-Linked-Project",
            "org_id": "599ef70e9f78f769464e3729",
            "teams": []
          },
          "private": "bnVsbA=="
        }
      ]
    }
  ]
}
